// !$*UTF8*$!
{
	archiveVersion = 1;
	classes = {
	};
	objectVersion = 55;
	objects = {

/* Begin PBXBuildFile section */
		F9689B6928168C8400971C82 /* AnimatedTabBarApp.swift in Sources */ = {isa = PBXBuildFile; fileRef = F9689B6828168C8400971C82 /* AnimatedTabBarApp.swift */; };
		F9689B6B28168C8400971C82 /* ContentView.swift in Sources */ = {isa = PBXBuildFile; fileRef = F9689B6A28168C8400971C82 /* ContentView.swift */; };
		F9689B6D28168C8500971C82 /* Assets.xcassets in Resources */ = {isa = PBXBuildFile; fileRef = F9689B6C28168C8500971C82 /* Assets.xcassets */; };
		F9689B7028168C8500971C82 /* Preview Assets.xcassets in Resources */ = {isa = PBXBuildFile; fileRef = F9689B6F28168C8500971C82 /* Preview Assets.xcassets */; };
		F9689B7A28168C8600971C82 /* AnimatedTabBarTests.swift in Sources */ = {isa = PBXBuildFile; fileRef = F9689B7928168C8600971C82 /* AnimatedTabBarTests.swift */; };
		F9689B8428168C8600971C82 /* AnimatedTabBarUITests.swift in Sources */ = {isa = PBXBuildFile; fileRef = F9689B8328168C8600971C82 /* AnimatedTabBarUITests.swift */; };
		F9689B8628168C8600971C82 /* AnimatedTabBarUITestsLaunchTests.swift in Sources */ = {isa = PBXBuildFile; fileRef = F9689B8528168C8600971C82 /* AnimatedTabBarUITestsLaunchTests.swift */; };
/* End PBXBuildFile section */

/* Begin PBXContainerItemProxy section */
		F9689B7628168C8600971C82 /* PBXContainerItemProxy */ = {
			isa = PBXContainerItemProxy;
			containerPortal = F9689B5D28168C8400971C82 /* Project object */;
			proxyType = 1;
			remoteGlobalIDString = F9689B6428168C8400971C82;
			remoteInfo = AnimatedTabBar;
		};
		F9689B8028168C8600971C82 /* PBXContainerItemProxy */ = {
			isa = PBXContainerItemProxy;
			containerPortal = F9689B5D28168C8400971C82 /* Project object */;
			proxyType = 1;
			remoteGlobalIDString = F9689B6428168C8400971C82;
			remoteInfo = AnimatedTabBar;
		};
/* End PBXContainerItemProxy section */

/* Begin PBXFileReference section */
		F9689B6528168C8400971C82 /* AnimatedTabBar.app */ = {isa = PBXFileReference; explicitFileType = wrapper.application; includeInIndex = 0; path = AnimatedTabBar.app; sourceTree = BUILT_PRODUCTS_DIR; };
		F9689B6828168C8400971C82 /* AnimatedTabBarApp.swift */ = {isa = PBXFileReference; lastKnownFileType = sourcecode.swift; path = AnimatedTabBarApp.swift; sourceTree = "<group>"; };
		F9689B6A28168C8400971C82 /* ContentView.swift */ = {isa = PBXFileReference; lastKnownFileType = sourcecode.swift; path = ContentView.swift; sourceTree = "<group>"; };
		F9689B6C28168C8500971C82 /* Assets.xcassets */ = {isa = PBXFileReference; lastKnownFileType = folder.assetcatalog; path = Assets.xcassets; sourceTree = "<group>"; };
		F9689B6F28168C8500971C82 /* Preview Assets.xcassets */ = {isa = PBXFileReference; lastKnownFileType = folder.assetcatalog; path = "Preview Assets.xcassets"; sourceTree = "<group>"; };
		F9689B7528168C8600971C82 /* AnimatedTabBarTests.xctest */ = {isa = PBXFileReference; explicitFileType = wrapper.cfbundle; includeInIndex = 0; path = AnimatedTabBarTests.xctest; sourceTree = BUILT_PRODUCTS_DIR; };
		F9689B7928168C8600971C82 /* AnimatedTabBarTests.swift */ = {isa = PBXFileReference; lastKnownFileType = sourcecode.swift; path = AnimatedTabBarTests.swift; sourceTree = "<group>"; };
		F9689B7F28168C8600971C82 /* AnimatedTabBarUITests.xctest */ = {isa = PBXFileReference; explicitFileType = wrapper.cfbundle; includeInIndex = 0; path = AnimatedTabBarUITests.xctest; sourceTree = BUILT_PRODUCTS_DIR; };
		F9689B8328168C8600971C82 /* AnimatedTabBarUITests.swift */ = {isa = PBXFileReference; lastKnownFileType = sourcecode.swift; path = AnimatedTabBarUITests.swift; sourceTree = "<group>"; };
		F9689B8528168C8600971C82 /* AnimatedTabBarUITestsLaunchTests.swift */ = {isa = PBXFileReference; lastKnownFileType = sourcecode.swift; path = AnimatedTabBarUITestsLaunchTests.swift; sourceTree = "<group>"; };
/* End PBXFileReference section */

/* Begin PBXFrameworksBuildPhase section */
		F9689B6228168C8400971C82 /* Frameworks */ = {
			isa = PBXFrameworksBuildPhase;
			buildActionMask = 2147483647;
			files = (
			);
			runOnlyForDeploymentPostprocessing = 0;
		};
		F9689B7228168C8600971C82 /* Frameworks */ = {
			isa = PBXFrameworksBuildPhase;
			buildActionMask = 2147483647;
			files = (
			);
			runOnlyForDeploymentPostprocessing = 0;
		};
		F9689B7C28168C8600971C82 /* Frameworks */ = {
			isa = PBXFrameworksBuildPhase;
			buildActionMask = 2147483647;
			files = (
			);
			runOnlyForDeploymentPostprocessing = 0;
		};
/* End PBXFrameworksBuildPhase section */

/* Begin PBXGroup section */
		F9689B5C28168C8400971C82 = {
			isa = PBXGroup;
			children = (
				F9689B6728168C8400971C82 /* AnimatedTabBar */,
				F9689B7828168C8600971C82 /* AnimatedTabBarTests */,
				F9689B8228168C8600971C82 /* AnimatedTabBarUITests */,
				F9689B6628168C8400971C82 /* Products */,
			);
			sourceTree = "<group>";
		};
		F9689B6628168C8400971C82 /* Products */ = {
			isa = PBXGroup;
			children = (
				F9689B6528168C8400971C82 /* AnimatedTabBar.app */,
				F9689B7528168C8600971C82 /* AnimatedTabBarTests.xctest */,
				F9689B7F28168C8600971C82 /* AnimatedTabBarUITests.xctest */,
			);
			name = Products;
			sourceTree = "<group>";
		};
		F9689B6728168C8400971C82 /* AnimatedTabBar */ = {
			isa = PBXGroup;
			children = (
				F9689B6828168C8400971C82 /* AnimatedTabBarApp.swift */,
				F9689B6A28168C8400971C82 /* ContentView.swift */,
				F9689B6C28168C8500971C82 /* Assets.xcassets */,
				F9689B6E28168C8500971C82 /* Preview Content */,
			);
			path = AnimatedTabBar;
			sourceTree = "<group>";
		};
		F9689B6E28168C8500971C82 /* Preview Content */ = {
			isa = PBXGroup;
			children = (
				F9689B6F28168C8500971C82 /* Preview Assets.xcassets */,
			);
			path = "Preview Content";
			sourceTree = "<group>";
		};
		F9689B7828168C8600971C82 /* AnimatedTabBarTests */ = {
			isa = PBXGroup;
			children = (
				F9689B7928168C8600971C82 /* AnimatedTabBarTests.swift */,
			);
			path = AnimatedTabBarTests;
			sourceTree = "<group>";
		};
		F9689B8228168C8600971C82 /* AnimatedTabBarUITests */ = {
			isa = PBXGroup;
			children = (
				F9689B8328168C8600971C82 /* AnimatedTabBarUITests.swift */,
				F9689B8528168C8600971C82 /* AnimatedTabBarUITestsLaunchTests.swift */,
			);
			path = AnimatedTabBarUITests;
			sourceTree = "<group>";
		};
/* End PBXGroup section */

/* Begin PBXNativeTarget section */
		F9689B6428168C8400971C82 /* AnimatedTabBar */ = {
			isa = PBXNativeTarget;
			buildConfigurationList = F9689B8928168C8600971C82 /* Build configuration list for PBXNativeTarget "AnimatedTabBar" */;
			buildPhases = (
				F9689B6128168C8400971C82 /* Sources */,
				F9689B6228168C8400971C82 /* Frameworks */,
				F9689B6328168C8400971C82 /* Resources */,
			);
			buildRules = (
			);
			dependencies = (
			);
			name = AnimatedTabBar;
			productName = AnimatedTabBar;
			productReference = F9689B6528168C8400971C82 /* AnimatedTabBar.app */;
			productType = "com.apple.product-type.application";
		};
		F9689B7428168C8600971C82 /* AnimatedTabBarTests */ = {
			isa = PBXNativeTarget;
			buildConfigurationList = F9689B8C28168C8600971C82 /* Build configuration list for PBXNativeTarget "AnimatedTabBarTests" */;
			buildPhases = (
				F9689B7128168C8600971C82 /* Sources */,
				F9689B7228168C8600971C82 /* Frameworks */,
				F9689B7328168C8600971C82 /* Resources */,
			);
			buildRules = (
			);
			dependencies = (
				F9689B7728168C8600971C82 /* PBXTargetDependency */,
			);
			name = AnimatedTabBarTests;
			productName = AnimatedTabBarTests;
			productReference = F9689B7528168C8600971C82 /* AnimatedTabBarTests.xctest */;
			productType = "com.apple.product-type.bundle.unit-test";
		};
		F9689B7E28168C8600971C82 /* AnimatedTabBarUITests */ = {
			isa = PBXNativeTarget;
			buildConfigurationList = F9689B8F28168C8600971C82 /* Build configuration list for PBXNativeTarget "AnimatedTabBarUITests" */;
			buildPhases = (
				F9689B7B28168C8600971C82 /* Sources */,
				F9689B7C28168C8600971C82 /* Frameworks */,
				F9689B7D28168C8600971C82 /* Resources */,
			);
			buildRules = (
			);
			dependencies = (
				F9689B8128168C8600971C82 /* PBXTargetDependency */,
			);
			name = AnimatedTabBarUITests;
			productName = AnimatedTabBarUITests;
			productReference = F9689B7F28168C8600971C82 /* AnimatedTabBarUITests.xctest */;
			productType = "com.apple.product-type.bundle.ui-testing";
		};
/* End PBXNativeTarget section */

/* Begin PBXProject section */
		F9689B5D28168C8400971C82 /* Project object */ = {
			isa = PBXProject;
			attributes = {
				BuildIndependentTargetsInParallel = 1;
				LastSwiftUpdateCheck = 1330;
				LastUpgradeCheck = 1330;
				TargetAttributes = {
					F9689B6428168C8400971C82 = {
						CreatedOnToolsVersion = 13.3.1;
					};
					F9689B7428168C8600971C82 = {
						CreatedOnToolsVersion = 13.3.1;
						TestTargetID = F9689B6428168C8400971C82;
					};
					F9689B7E28168C8600971C82 = {
						CreatedOnToolsVersion = 13.3.1;
						TestTargetID = F9689B6428168C8400971C82;
					};
				};
			};
			buildConfigurationList = F9689B6028168C8400971C82 /* Build configuration list for PBXProject "AnimatedTabBar" */;
			compatibilityVersion = "Xcode 13.0";
			developmentRegion = en;
			hasScannedForEncodings = 0;
			knownRegions = (
				en,
				Base,
			);
			mainGroup = F9689B5C28168C8400971C82;
			productRefGroup = F9689B6628168C8400971C82 /* Products */;
			projectDirPath = "";
			projectRoot = "";
			targets = (
				F9689B6428168C8400971C82 /* AnimatedTabBar */,
				F9689B7428168C8600971C82 /* AnimatedTabBarTests */,
				F9689B7E28168C8600971C82 /* AnimatedTabBarUITests */,
			);
		};
/* End PBXProject section */

/* Begin PBXResourcesBuildPhase section */
		F9689B6328168C8400971C82 /* Resources */ = {
			isa = PBXResourcesBuildPhase;
			buildActionMask = 2147483647;
			files = (
				F9689B7028168C8500971C82 /* Preview Assets.xcassets in Resources */,
				F9689B6D28168C8500971C82 /* Assets.xcassets in Resources */,
			);
			runOnlyForDeploymentPostprocessing = 0;
		};
		F9689B7328168C8600971C82 /* Resources */ = {
			isa = PBXResourcesBuildPhase;
			buildActionMask = 2147483647;
			files = (
			);
			runOnlyForDeploymentPostprocessing = 0;
		};
		F9689B7D28168C8600971C82 /* Resources */ = {
			isa = PBXResourcesBuildPhase;
			buildActionMask = 2147483647;
			files = (
			);
			runOnlyForDeploymentPostprocessing = 0;
		};
/* End PBXResourcesBuildPhase section */

/* Begin PBXSourcesBuildPhase section */
		F9689B6128168C8400971C82 /* Sources */ = {
			isa = PBXSourcesBuildPhase;
			buildActionMask = 2147483647;
			files = (
				F9689B6B28168C8400971C82 /* ContentView.swift in Sources */,
				F9689B6928168C8400971C82 /* AnimatedTabBarApp.swift in Sources */,
			);
			runOnlyForDeploymentPostprocessing = 0;
		};
		F9689B7128168C8600971C82 /* Sources */ = {
			isa = PBXSourcesBuildPhase;
			buildActionMask = 2147483647;
			files = (
				F9689B7A28168C8600971C82 /* AnimatedTabBarTests.swift in Sources */,
			);
			runOnlyForDeploymentPostprocessing = 0;
		};
		F9689B7B28168C8600971C82 /* Sources */ = {
			isa = PBXSourcesBuildPhase;
			buildActionMask = 2147483647;
			files = (
				F9689B8428168C8600971C82 /* AnimatedTabBarUITests.swift in Sources */,
				F9689B8628168C8600971C82 /* AnimatedTabBarUITestsLaunchTests.swift in Sources */,
			);
			runOnlyForDeploymentPostprocessing = 0;
		};
/* End PBXSourcesBuildPhase section */

/* Begin PBXTargetDependency section */
		F9689B7728168C8600971C82 /* PBXTargetDependency */ = {
			isa = PBXTargetDependency;
			target = F9689B6428168C8400971C82 /* AnimatedTabBar */;
			targetProxy = F9689B7628168C8600971C82 /* PBXContainerItemProxy */;
		};
		F9689B8128168C8600971C82 /* PBXTargetDependency */ = {
			isa = PBXTargetDependency;
			target = F9689B6428168C8400971C82 /* AnimatedTabBar */;
			targetProxy = F9689B8028168C8600971C82 /* PBXContainerItemProxy */;
		};
/* End PBXTargetDependency section */

/* Begin XCBuildConfiguration section */
		F9689B8728168C8600971C82 /* Debug */ = {
			isa = XCBuildConfiguration;
			buildSettings = {
				ALWAYS_SEARCH_USER_PATHS = NO;
				CLANG_ANALYZER_NONNULL = YES;
				CLANG_ANALYZER_NUMBER_OBJECT_CONVERSION = YES_AGGRESSIVE;
				CLANG_CXX_LANGUAGE_STANDARD = "gnu++17";
				CLANG_ENABLE_MODULES = YES;
				CLANG_ENABLE_OBJC_ARC = YES;
				CLANG_ENABLE_OBJC_WEAK = YES;
				CLANG_WARN_BLOCK_CAPTURE_AUTORELEASING = YES;
				CLANG_WARN_BOOL_CONVERSION = YES;
				CLANG_WARN_COMMA = YES;
				CLANG_WARN_CONSTANT_CONVERSION = YES;
				CLANG_WARN_DEPRECATED_OBJC_IMPLEMENTATIONS = YES;
				CLANG_WARN_DIRECT_OBJC_ISA_USAGE = YES_ERROR;
				CLANG_WARN_DOCUMENTATION_COMMENTS = YES;
				CLANG_WARN_EMPTY_BODY = YES;
				CLANG_WARN_ENUM_CONVERSION = YES;
				CLANG_WARN_INFINITE_RECURSION = YES;
				CLANG_WARN_INT_CONVERSION = YES;
				CLANG_WARN_NON_LITERAL_NULL_CONVERSION = YES;
				CLANG_WARN_OBJC_IMPLICIT_RETAIN_SELF = YES;
				CLANG_WARN_OBJC_LITERAL_CONVERSION = YES;
				CLANG_WARN_OBJC_ROOT_CLASS = YES_ERROR;
				CLANG_WARN_QUOTED_INCLUDE_IN_FRAMEWORK_HEADER = YES;
				CLANG_WARN_RANGE_LOOP_ANALYSIS = YES;
				CLANG_WARN_STRICT_PROTOTYPES = YES;
				CLANG_WARN_SUSPICIOUS_MOVE = YES;
				CLANG_WARN_UNGUARDED_AVAILABILITY = YES_AGGRESSIVE;
				CLANG_WARN_UNREACHABLE_CODE = YES;
				CLANG_WARN__DUPLICATE_METHOD_MATCH = YES;
				COPY_PHASE_STRIP = NO;
				DEBUG_INFORMATION_FORMAT = dwarf;
				ENABLE_STRICT_OBJC_MSGSEND = YES;
				ENABLE_TESTABILITY = YES;
				GCC_C_LANGUAGE_STANDARD = gnu11;
				GCC_DYNAMIC_NO_PIC = NO;
				GCC_NO_COMMON_BLOCKS = YES;
				GCC_OPTIMIZATION_LEVEL = 0;
				GCC_PREPROCESSOR_DEFINITIONS = (
					"DEBUG=1",
					"$(inherited)",
				);
				GCC_WARN_64_TO_32_BIT_CONVERSION = YES;
				GCC_WARN_ABOUT_RETURN_TYPE = YES_ERROR;
				GCC_WARN_UNDECLARED_SELECTOR = YES;
				GCC_WARN_UNINITIALIZED_AUTOS = YES_AGGRESSIVE;
				GCC_WARN_UNUSED_FUNCTION = YES;
				GCC_WARN_UNUSED_VARIABLE = YES;
				IPHONEOS_DEPLOYMENT_TARGET = 15.4;
				MTL_ENABLE_DEBUG_INFO = INCLUDE_SOURCE;
				MTL_FAST_MATH = YES;
				ONLY_ACTIVE_ARCH = YES;
				SDKROOT = iphoneos;
				SWIFT_ACTIVE_COMPILATION_CONDITIONS = DEBUG;
				SWIFT_OPTIMIZATION_LEVEL = "-Onone";
			};
			name = Debug;
		};
		F9689B8828168C8600971C82 /* Release */ = {
			isa = XCBuildConfiguration;
			buildSettings = {
				ALWAYS_SEARCH_USER_PATHS = NO;
				CLANG_ANALYZER_NONNULL = YES;
				CLANG_ANALYZER_NUMBER_OBJECT_CONVERSION = YES_AGGRESSIVE;
				CLANG_CXX_LANGUAGE_STANDARD = "gnu++17";
				CLANG_ENABLE_MODULES = YES;
				CLANG_ENABLE_OBJC_ARC = YES;
				CLANG_ENABLE_OBJC_WEAK = YES;
				CLANG_WARN_BLOCK_CAPTURE_AUTORELEASING = YES;
				CLANG_WARN_BOOL_CONVERSION = YES;
				CLANG_WARN_COMMA = YES;
				CLANG_WARN_CONSTANT_CONVERSION = YES;
				CLANG_WARN_DEPRECATED_OBJC_IMPLEMENTATIONS = YES;
				CLANG_WARN_DIRECT_OBJC_ISA_USAGE = YES_ERROR;
				CLANG_WARN_DOCUMENTATION_COMMENTS = YES;
				CLANG_WARN_EMPTY_BODY = YES;
				CLANG_WARN_ENUM_CONVERSION = YES;
				CLANG_WARN_INFINITE_RECURSION = YES;
				CLANG_WARN_INT_CONVERSION = YES;
				CLANG_WARN_NON_LITERAL_NULL_CONVERSION = YES;
				CLANG_WARN_OBJC_IMPLICIT_RETAIN_SELF = YES;
				CLANG_WARN_OBJC_LITERAL_CONVERSION = YES;
				CLANG_WARN_OBJC_ROOT_CLASS = YES_ERROR;
				CLANG_WARN_QUOTED_INCLUDE_IN_FRAMEWORK_HEADER = YES;
				CLANG_WARN_RANGE_LOOP_ANALYSIS = YES;
				CLANG_WARN_STRICT_PROTOTYPES = YES;
				CLANG_WARN_SUSPICIOUS_MOVE = YES;
				CLANG_WARN_UNGUARDED_AVAILABILITY = YES_AGGRESSIVE;
				CLANG_WARN_UNREACHABLE_CODE = YES;
				CLANG_WARN__DUPLICATE_METHOD_MATCH = YES;
				COPY_PHASE_STRIP = NO;
				DEBUG_INFORMATION_FORMAT = "dwarf-with-dsym";
				ENABLE_NS_ASSERTIONS = NO;
				ENABLE_STRICT_OBJC_MSGSEND = YES;
				GCC_C_LANGUAGE_STANDARD = gnu11;
				GCC_NO_COMMON_BLOCKS = YES;
				GCC_WARN_64_TO_32_BIT_CONVERSION = YES;
				GCC_WARN_ABOUT_RETURN_TYPE = YES_ERROR;
				GCC_WARN_UNDECLARED_SELECTOR = YES;
				GCC_WARN_UNINITIALIZED_AUTOS = YES_AGGRESSIVE;
				GCC_WARN_UNUSED_FUNCTION = YES;
				GCC_WARN_UNUSED_VARIABLE = YES;
				IPHONEOS_DEPLOYMENT_TARGET = 15.4;
				MTL_ENABLE_DEBUG_INFO = NO;
				MTL_FAST_MATH = YES;
				SDKROOT = iphoneos;
				SWIFT_COMPILATION_MODE = wholemodule;
				SWIFT_OPTIMIZATION_LEVEL = "-O";
				VALIDATE_PRODUCT = YES;
			};
			name = Release;
		};
		F9689B8A28168C8600971C82 /* Debug */ = {
			isa = XCBuildConfiguration;
			buildSettings = {
				ASSETCATALOG_COMPILER_APPICON_NAME = AppIcon;
				ASSETCATALOG_COMPILER_GLOBAL_ACCENT_COLOR_NAME = AccentColor;
				CODE_SIGN_STYLE = Automatic;
				CURRENT_PROJECT_VERSION = 1;
				DEVELOPMENT_ASSET_PATHS = "\"AnimatedTabBar/Preview Content\"";
				DEVELOPMENT_TEAM = DB6K9AT64H;
				ENABLE_PREVIEWS = YES;
				GENERATE_INFOPLIST_FILE = YES;
				INFOPLIST_KEY_UIApplicationSceneManifest_Generation = YES;
				INFOPLIST_KEY_UIApplicationSupportsIndirectInputEvents = YES;
				INFOPLIST_KEY_UILaunchScreen_Generation = YES;
				INFOPLIST_KEY_UISupportedInterfaceOrientations_iPad = "UIInterfaceOrientationPortrait UIInterfaceOrientationPortraitUpsideDown UIInterfaceOrientationLandscapeLeft UIInterfaceOrientationLandscapeRight";
				INFOPLIST_KEY_UISupportedInterfaceOrientations_iPhone = "UIInterfaceOrientationPortrait UIInterfaceOrientationLandscapeLeft UIInterfaceOrientationLandscapeRight";
				LD_RUNPATH_SEARCH_PATHS = (
					"$(inherited)",
					"@executable_path/Frameworks",
				);
				MARKETING_VERSION = 1.0;
				PRODUCT_BUNDLE_IDENTIFIER = "Shirayo-own.AnimatedTabBar";
				PRODUCT_NAME = "$(TARGET_NAME)";
				SWIFT_EMIT_LOC_STRINGS = YES;
				SWIFT_VERSION = 5.0;
				TARGETED_DEVICE_FAMILY = "1,2";
			};
			name = Debug;
		};
		F9689B8B28168C8600971C82 /* Release */ = {
			isa = XCBuildConfiguration;
			buildSettings = {
				ASSETCATALOG_COMPILER_APPICON_NAME = AppIcon;
				ASSETCATALOG_COMPILER_GLOBAL_ACCENT_COLOR_NAME = AccentColor;
				CODE_SIGN_STYLE = Automatic;
				CURRENT_PROJECT_VERSION = 1;
				DEVELOPMENT_ASSET_PATHS = "\"AnimatedTabBar/Preview Content\"";
				DEVELOPMENT_TEAM = DB6K9AT64H;
				ENABLE_PREVIEWS = YES;
				GENERATE_INFOPLIST_FILE = YES;
				INFOPLIST_KEY_UIApplicationSceneManifest_Generation = YES;
				INFOPLIST_KEY_UIApplicationSupportsIndirectInputEvents = YES;
				INFOPLIST_KEY_UILaunchScreen_Generation = YES;
				INFOPLIST_KEY_UISupportedInterfaceOrientations_iPad = "UIInterfaceOrientationPortrait UIInterfaceOrientationPortraitUpsideDown UIInterfaceOrientationLandscapeLeft UIInterfaceOrientationLandscapeRight";
				INFOPLIST_KEY_UISupportedInterfaceOrientations_iPhone = "UIInterfaceOrientationPortrait UIInterfaceOrientationLandscapeLeft UIInterfaceOrientationLandscapeRight";
				LD_RUNPATH_SEARCH_PATHS = (
					"$(inherited)",
					"@executable_path/Frameworks",
				);
				MARKETING_VERSION = 1.0;
				PRODUCT_BUNDLE_IDENTIFIER = "Shirayo-own.AnimatedTabBar";
				PRODUCT_NAME = "$(TARGET_NAME)";
				SWIFT_EMIT_LOC_STRINGS = YES;
				SWIFT_VERSION = 5.0;
				TARGETED_DEVICE_FAMILY = "1,2";
			};
			name = Release;
		};
		F9689B8D28168C8600971C82 /* Debug */ = {
			isa = XCBuildConfiguration;
			buildSettings = {
				ALWAYS_EMBED_SWIFT_STANDARD_LIBRARIES = YES;
				BUNDLE_LOADER = "$(TEST_HOST)";
				CODE_SIGN_STYLE = Automatic;
				CURRENT_PROJECT_VERSION = 1;
				DEVELOPMENT_TEAM = DB6K9AT64H;
				GENERATE_INFOPLIST_FILE = YES;
				IPHONEOS_DEPLOYMENT_TARGET = 15.4;
				MARKETING_VERSION = 1.0;
				PRODUCT_BUNDLE_IDENTIFIER = "Shirayo-own.AnimatedTabBarTests";
				PRODUCT_NAME = "$(TARGET_NAME)";
				SWIFT_EMIT_LOC_STRINGS = NO;
				SWIFT_VERSION = 5.0;
				TARGETED_DEVICE_FAMILY = "1,2";
				TEST_HOST = "$(BUILT_PRODUCTS_DIR)/AnimatedTabBar.app/AnimatedTabBar";
			};
			name = Debug;
		};
		F9689B8E28168C8600971C82 /* Release */ = {
			isa = XCBuildConfiguration;
			buildSettings = {
				ALWAYS_EMBED_SWIFT_STANDARD_LIBRARIES = YES;
				BUNDLE_LOADER = "$(TEST_HOST)";
				CODE_SIGN_STYLE = Automatic;
				CURRENT_PROJECT_VERSION = 1;
				DEVELOPMENT_TEAM = DB6K9AT64H;
				GENERATE_INFOPLIST_FILE = YES;
				IPHONEOS_DEPLOYMENT_TARGET = 15.4;
				MARKETING_VERSION = 1.0;
				PRODUCT_BUNDLE_IDENTIFIER = "Shirayo-own.AnimatedTabBarTests";
				PRODUCT_NAME = "$(TARGET_NAME)";
				SWIFT_EMIT_LOC_STRINGS = NO;
				SWIFT_VERSION = 5.0;
				TARGETED_DEVICE_FAMILY = "1,2";
				TEST_HOST = "$(BUILT_PRODUCTS_DIR)/AnimatedTabBar.app/AnimatedTabBar";
			};
			name = Release;
		};
		F9689B9028168C8600971C82 /* Debug */ = {
			isa = XCBuildConfiguration;
			buildSettings = {
				ALWAYS_EMBED_SWIFT_STANDARD_LIBRARIES = YES;
				CODE_SIGN_STYLE = Automatic;
				CURRENT_PROJECT_VERSION = 1;
				DEVELOPMENT_TEAM = DB6K9AT64H;
				GENERATE_INFOPLIST_FILE = YES;
				MARKETING_VERSION = 1.0;
				PRODUCT_BUNDLE_IDENTIFIER = "Shirayo-own.AnimatedTabBarUITests";
				PRODUCT_NAME = "$(TARGET_NAME)";
				SWIFT_EMIT_LOC_STRINGS = NO;
				SWIFT_VERSION = 5.0;
				TARGETED_DEVICE_FAMILY = "1,2";
				TEST_TARGET_NAME = AnimatedTabBar;
			};
			name = Debug;
		};
		F9689B9128168C8600971C82 /* Release */ = {
			isa = XCBuildConfiguration;
			buildSettings = {
				ALWAYS_EMBED_SWIFT_STANDARD_LIBRARIES = YES;
				CODE_SIGN_STYLE = Automatic;
				CURRENT_PROJECT_VERSION = 1;
				DEVELOPMENT_TEAM = DB6K9AT64H;
				GENERATE_INFOPLIST_FILE = YES;
				MARKETING_VERSION = 1.0;
				PRODUCT_BUNDLE_IDENTIFIER = "Shirayo-own.AnimatedTabBarUITests";
				PRODUCT_NAME = "$(TARGET_NAME)";
				SWIFT_EMIT_LOC_STRINGS = NO;
				SWIFT_VERSION = 5.0;
				TARGETED_DEVICE_FAMILY = "1,2";
				TEST_TARGET_NAME = AnimatedTabBar;
			};
			name = Release;
		};
/* End XCBuildConfiguration section */

/* Begin XCConfigurationList section */
		F9689B6028168C8400971C82 /* Build configuration list for PBXProject "AnimatedTabBar" */ = {
			isa = XCConfigurationList;
			buildConfigurations = (
				F9689B8728168C8600971C82 /* Debug */,
				F9689B8828168C8600971C82 /* Release */,
			);
			defaultConfigurationIsVisible = 0;
			defaultConfigurationName = Release;
		};
		F9689B8928168C8600971C82 /* Build configuration list for PBXNativeTarget "AnimatedTabBar" */ = {
			isa = XCConfigurationList;
			buildConfigurations = (
				F9689B8A28168C8600971C82 /* Debug */,
				F9689B8B28168C8600971C82 /* Release */,
			);
			defaultConfigurationIsVisible = 0;
			defaultConfigurationName = Release;
		};
		F9689B8C28168C8600971C82 /* Build configuration list for PBXNativeTarget "AnimatedTabBarTests" */ = {
			isa = XCConfigurationList;
			buildConfigurations = (
				F9689B8D28168C8600971C82 /* Debug */,
				F9689B8E28168C8600971C82 /* Release */,
			);
			defaultConfigurationIsVisible = 0;
			defaultConfigurationName = Release;
		};
		F9689B8F28168C8600971C82 /* Build configuration list for PBXNativeTarget "AnimatedTabBarUITests" */ = {
			isa = XCConfigurationList;
			buildConfigurations = (
				F9689B9028168C8600971C82 /* Debug */,
				F9689B9128168C8600971C82 /* Release */,
			);
			defaultConfigurationIsVisible = 0;
			defaultConfigurationName = Release;
		};
/* End XCConfigurationList section */
	};
	rootObject = F9689B5D28168C8400971C82 /* Project object */;
}
